// !$*UTF8*$!
{
	archiveVersion = 1;
	classes = {
	};
	objectVersion = 52;
	objects = {

/* Begin PBXBuildFile section */
		03AB7287377825C7F842108B /* CoreKit.framework in Embed Frameworks */ = {isa = PBXBuildFile; fileRef = 4EB05E9872FBCFE16A1703C4 /* CoreKit.framework */; settings = {ATTRIBUTES = (CodeSignOnCopy, RemoveHeadersOnCopy, ); }; };
		055B76C6702420CA88A62FEE /* NavigationKit.framework in Embed Frameworks */ = {isa = PBXBuildFile; fileRef = 204B93FA7B6CCB8FDCB2D281 /* NavigationKit.framework */; settings = {ATTRIBUTES = (CodeSignOnCopy, RemoveHeadersOnCopy, ); }; };
		1298833FCE24CE965D9B675C /* KeychainStored.swift in Sources */ = {isa = PBXBuildFile; fileRef = 8F2AF9A4E021E6C62CDC91F4 /* KeychainStored.swift */; };
		16F261649009F6DB096BC5D4 /* Publisher+WeakAssign.swift in Sources */ = {isa = PBXBuildFile; fileRef = 891EAA09CEA9379A72CE9DB2 /* Publisher+WeakAssign.swift */; };
		1E9F6B8151AF544CC473E7D8 /* BaseCoordinator.swift in Sources */ = {isa = PBXBuildFile; fileRef = 8B178D92279E42D8F5E6B957 /* BaseCoordinator.swift */; };
		25ADA28492B124B5E60FA499 /* KeychainError.swift in Sources */ = {isa = PBXBuildFile; fileRef = F0A27FE025988EA651EA33AB /* KeychainError.swift */; };
		328535BD3A6DD0A77FB4945E /* Assets.xcassets in Resources */ = {isa = PBXBuildFile; fileRef = 0539F7A2775EF636623F0C10 /* Assets.xcassets */; };
		34F4753252446D21D60477D3 /* ApplicationKeychainGroup.swift in Sources */ = {isa = PBXBuildFile; fileRef = F73AC852D402E1A19DADC575 /* ApplicationKeychainGroup.swift */; };
		3C09B61DC68F145484BAFB0C /* LoginConfigurator.swift in Sources */ = {isa = PBXBuildFile; fileRef = B2225F9B6F51A1BC16E8031A /* LoginConfigurator.swift */; };
		402AF01527CFD38600BDFAC4 /* auth-student-200.json in Resources */ = {isa = PBXBuildFile; fileRef = 402AF01427CFD38600BDFAC4 /* auth-student-200.json */; };
		402AF01927CFD64800BDFAC4 /* AuthResponse.swift in Sources */ = {isa = PBXBuildFile; fileRef = 402AF01827CFD64800BDFAC4 /* AuthResponse.swift */; };
		402AF01E27CFDFB600BDFAC4 /* MoyaProcessor.swift in Sources */ = {isa = PBXBuildFile; fileRef = 402AF01D27CFDFB600BDFAC4 /* MoyaProcessor.swift */; };
		403EC3B827CFE44900BE86C7 /* auth-teacher-200.json in Resources */ = {isa = PBXBuildFile; fileRef = 402AF01627CFD47B00BDFAC4 /* auth-teacher-200.json */; };
		403EC3BB27CFE83400BE86C7 /* MainCoordinator.swift in Sources */ = {isa = PBXBuildFile; fileRef = 403EC3BA27CFE83400BE86C7 /* MainCoordinator.swift */; };
		403EC3BD27CFEC3500BE86C7 /* SheduleCoordinator.swift in Sources */ = {isa = PBXBuildFile; fileRef = 403EC3BC27CFEC3500BE86C7 /* SheduleCoordinator.swift */; };
		403EC3BF27CFEC3E00BE86C7 /* NewsCoordinator.swift in Sources */ = {isa = PBXBuildFile; fileRef = 403EC3BE27CFEC3E00BE86C7 /* NewsCoordinator.swift */; };
		403EC3C127CFEC5000BE86C7 /* ProfileCoordinator.swift in Sources */ = {isa = PBXBuildFile; fileRef = 403EC3C027CFEC5000BE86C7 /* ProfileCoordinator.swift */; };
		403EC3C327CFED7300BE86C7 /* UITabBarController+styled.swift in Sources */ = {isa = PBXBuildFile; fileRef = 403EC3C227CFED7300BE86C7 /* UITabBarController+styled.swift */; };
		403EC3C927CFFA3300BE86C7 /* NewsModule.swift in Sources */ = {isa = PBXBuildFile; fileRef = 403EC3C427CFFA3300BE86C7 /* NewsModule.swift */; };
		403EC3CA27CFFA3300BE86C7 /* NewsPresenter.swift in Sources */ = {isa = PBXBuildFile; fileRef = 403EC3C527CFFA3300BE86C7 /* NewsPresenter.swift */; };
		403EC3CB27CFFA3300BE86C7 /* NewsInteractor.swift in Sources */ = {isa = PBXBuildFile; fileRef = 403EC3C627CFFA3300BE86C7 /* NewsInteractor.swift */; };
		403EC3CC27CFFA3300BE86C7 /* NewsView.swift in Sources */ = {isa = PBXBuildFile; fileRef = 403EC3C727CFFA3300BE86C7 /* NewsView.swift */; };
		403EC3CD27CFFA3300BE86C7 /* NewsConfigurator.swift in Sources */ = {isa = PBXBuildFile; fileRef = 403EC3C827CFFA3300BE86C7 /* NewsConfigurator.swift */; };
		403EC3D327CFFA4000BE86C7 /* ProfileModule.swift in Sources */ = {isa = PBXBuildFile; fileRef = 403EC3CE27CFFA4000BE86C7 /* ProfileModule.swift */; };
		403EC3D427CFFA4000BE86C7 /* ProfilePresenter.swift in Sources */ = {isa = PBXBuildFile; fileRef = 403EC3CF27CFFA4000BE86C7 /* ProfilePresenter.swift */; };
		403EC3D527CFFA4000BE86C7 /* ProfileInteractor.swift in Sources */ = {isa = PBXBuildFile; fileRef = 403EC3D027CFFA4000BE86C7 /* ProfileInteractor.swift */; };
		403EC3D627CFFA4000BE86C7 /* ProfileView.swift in Sources */ = {isa = PBXBuildFile; fileRef = 403EC3D127CFFA4000BE86C7 /* ProfileView.swift */; };
		403EC3D727CFFA4000BE86C7 /* ProfileConfigurator.swift in Sources */ = {isa = PBXBuildFile; fileRef = 403EC3D227CFFA4000BE86C7 /* ProfileConfigurator.swift */; };
		403EC3DD27CFFA4C00BE86C7 /* ScheduleModule.swift in Sources */ = {isa = PBXBuildFile; fileRef = 403EC3D827CFFA4C00BE86C7 /* ScheduleModule.swift */; };
		403EC3DE27CFFA4C00BE86C7 /* SchedulePresenter.swift in Sources */ = {isa = PBXBuildFile; fileRef = 403EC3D927CFFA4C00BE86C7 /* SchedulePresenter.swift */; };
		403EC3DF27CFFA4C00BE86C7 /* ScheduleInteractor.swift in Sources */ = {isa = PBXBuildFile; fileRef = 403EC3DA27CFFA4C00BE86C7 /* ScheduleInteractor.swift */; };
		403EC3E027CFFA4C00BE86C7 /* ScheduleView.swift in Sources */ = {isa = PBXBuildFile; fileRef = 403EC3DB27CFFA4C00BE86C7 /* ScheduleView.swift */; };
		403EC3E127CFFA4C00BE86C7 /* ScheduleConfigurator.swift in Sources */ = {isa = PBXBuildFile; fileRef = 403EC3DC27CFFA4C00BE86C7 /* ScheduleConfigurator.swift */; };
		403EC3E527D0195000BE86C7 /* ProfileService.swift in Sources */ = {isa = PBXBuildFile; fileRef = 403EC3E427D0195000BE86C7 /* ProfileService.swift */; };
		403EC3E827D01ABB00BE86C7 /* profile-teacher-200.json in Resources */ = {isa = PBXBuildFile; fileRef = 403EC3E727D01ABB00BE86C7 /* profile-teacher-200.json */; };
		403EC3EA27D01ACA00BE86C7 /* profile-student-200.json in Resources */ = {isa = PBXBuildFile; fileRef = 403EC3E927D01ACA00BE86C7 /* profile-student-200.json */; };
		403EC3EC27D01D7800BE86C7 /* ProfileTeacherResponse.swift in Sources */ = {isa = PBXBuildFile; fileRef = 403EC3EB27D01D7800BE86C7 /* ProfileTeacherResponse.swift */; };
		403EC3EE27D01E3000BE86C7 /* StudentTeacherResponse.swift in Sources */ = {isa = PBXBuildFile; fileRef = 403EC3ED27D01E3000BE86C7 /* StudentTeacherResponse.swift */; };
		403EC3F127D03A9D00BE86C7 /* PhotoCell.swift in Sources */ = {isa = PBXBuildFile; fileRef = 403EC3F027D03A9D00BE86C7 /* PhotoCell.swift */; };
		403EC3F327D03D6A00BE86C7 /* UniqueCellIdentifier.swift in Sources */ = {isa = PBXBuildFile; fileRef = 403EC3F227D03D6A00BE86C7 /* UniqueCellIdentifier.swift */; };
		403EC3F527D03E5F00BE86C7 /* FullNameCell.swift in Sources */ = {isa = PBXBuildFile; fileRef = 403EC3F427D03E5F00BE86C7 /* FullNameCell.swift */; };
		403EC3F727D0452500BE86C7 /* HeaderCell.swift in Sources */ = {isa = PBXBuildFile; fileRef = 403EC3F627D0452500BE86C7 /* HeaderCell.swift */; };
		40ADE2D027D162EB00763083 /* schedule-student-200.json in Resources */ = {isa = PBXBuildFile; fileRef = 40ADE2CF27D162EB00763083 /* schedule-student-200.json */; };
		40ADE2D327D169FE00763083 /* ScheduleResponse.swift in Sources */ = {isa = PBXBuildFile; fileRef = 40ADE2D227D169FE00763083 /* ScheduleResponse.swift */; };
		40ADE2D527D16B8200763083 /* SheduleService.swift in Sources */ = {isa = PBXBuildFile; fileRef = 40ADE2D427D16B8200763083 /* SheduleService.swift */; };
		40ADE2D827D1737700763083 /* LessonCell.swift in Sources */ = {isa = PBXBuildFile; fileRef = 40ADE2D727D1737700763083 /* LessonCell.swift */; };
		40ADE2DE27D4FFD700763083 /* SpinnerView.swift in Sources */ = {isa = PBXBuildFile; fileRef = 40ADE2DD27D4FFD700763083 /* SpinnerView.swift */; };
		40ADE2E027D5238C00763083 /* DayHeaderView.swift in Sources */ = {isa = PBXBuildFile; fileRef = 40ADE2DF27D5238C00763083 /* DayHeaderView.swift */; };
		4116CF49697C2793FAA697C9 /* LoginInteractor.swift in Sources */ = {isa = PBXBuildFile; fileRef = 16A98DFE905745ACCE1A154E /* LoginInteractor.swift */; };
		41C0BB5A29706AF404AAC094 /* NetworkKit.framework in Frameworks */ = {isa = PBXBuildFile; fileRef = D022A636D1A00044439650C9 /* NetworkKit.framework */; };
		4516973FD66AF1FF5FAFD950 /* TransitionPerformer.swift in Sources */ = {isa = PBXBuildFile; fileRef = 1D4B8AB0D010F7B30ACD6226 /* TransitionPerformer.swift */; };
		4980BEC984B6001E17D08AA8 /* KeychainPassword.swift in Sources */ = {isa = PBXBuildFile; fileRef = BA8322F3CEC05EE130A37170 /* KeychainPassword.swift */; };
		4D6C0C0626ABA53A9C2015BA /* KeychainQueryable.swift in Sources */ = {isa = PBXBuildFile; fileRef = 2741272D84AEB2BA77377CAE /* KeychainQueryable.swift */; };
		52528CDCFBAF7363BC2D4F6E /* LoginView.swift in Sources */ = {isa = PBXBuildFile; fileRef = B63C4BB260D36AAD9DE3CDC9 /* LoginView.swift */; };
		589DD02E8E5FDE698B6C5B08 /* NetworkKit.framework in Embed Frameworks */ = {isa = PBXBuildFile; fileRef = D022A636D1A00044439650C9 /* NetworkKit.framework */; settings = {ATTRIBUTES = (CodeSignOnCopy, RemoveHeadersOnCopy, ); }; };
		5F7F3A54455D4829ADDAA6FA /* LoadingViewController.swift in Sources */ = {isa = PBXBuildFile; fileRef = 9A11B366DE39543DBD0C3EFC /* LoadingViewController.swift */; };
		5F8A20D469195AEB6DF9139A /* CoreKit.framework in Frameworks */ = {isa = PBXBuildFile; fileRef = 4EB05E9872FBCFE16A1703C4 /* CoreKit.framework */; };
		6249482B4A8F0753F8DBFDCC /* ActionButton.swift in Sources */ = {isa = PBXBuildFile; fileRef = 582C59A25AFF017BC89F9306 /* ActionButton.swift */; };
		6A90DB38E06F1167BAF4CD32 /* Preferences.swift in Sources */ = {isa = PBXBuildFile; fileRef = C66203571A73C46F0C95FB1B /* Preferences.swift */; };
		6F9EBF2015818047CCC3E6A1 /* LoginPresenter.swift in Sources */ = {isa = PBXBuildFile; fileRef = E1C1B6D8F8A5D1A8DE147E76 /* LoginPresenter.swift */; };
		7C29B3A185B05E64035EA0F1 /* LoginModule.swift in Sources */ = {isa = PBXBuildFile; fileRef = 1ACADDDFE416BE300C2F613E /* LoginModule.swift */; };
		82988A64ED1BB24E85A7BFED /* PreferencesStored.swift in Sources */ = {isa = PBXBuildFile; fileRef = 51683BBCB4EEB511B64E1D1C /* PreferencesStored.swift */; };
		8B5D9AEAFDF7754599F53D54 /* TargetType.swift in Sources */ = {isa = PBXBuildFile; fileRef = 7BE15962D548A90D39E2B9D4 /* TargetType.swift */; };
		8FA75A281F17ED2E45E94BF7 /* Moya in Frameworks */ = {isa = PBXBuildFile; productRef = BF8000BCACF380BE0B3AFD0B /* Moya */; };
		9A4C0EB13DF536A60635BFE0 /* Presentable.swift in Sources */ = {isa = PBXBuildFile; fileRef = 11505694DC5A9C1F764F021C /* Presentable.swift */; };
		9CE16B01BE0A5F1D0DE828A7 /* LoginCoordinator.swift in Sources */ = {isa = PBXBuildFile; fileRef = 828D6E04FD2972B9978DDC5E /* LoginCoordinator.swift */; };
		A01671365E72043E87A4AD98 /* Endpoint.swift in Sources */ = {isa = PBXBuildFile; fileRef = 8E3C986BAC596C0A912F61D8 /* Endpoint.swift */; };
		A9A1A5EBD0A825E6D5E5E376 /* AppDelegate.swift in Sources */ = {isa = PBXBuildFile; fileRef = 6A0CF45B47A0BC5885528424 /* AppDelegate.swift */; };
		AA0BA6D5D27D9F896DEB1500 /* ApplicationPreferencesKey.swift in Sources */ = {isa = PBXBuildFile; fileRef = 7CF81F59A6D2F1D7BB865923 /* ApplicationPreferencesKey.swift */; };
		AB6ABAF641F5B6CA0ECA3C23 /* NavigationCoordinator.swift in Sources */ = {isa = PBXBuildFile; fileRef = 742B13EA5029CC2A937540F4 /* NavigationCoordinator.swift */; };
		ADA0E9DF8CEB9DA0843A3E34 /* NavigationKit.framework in Frameworks */ = {isa = PBXBuildFile; fileRef = 204B93FA7B6CCB8FDCB2D281 /* NavigationKit.framework */; };
		ADBA4D34DA32ED2666D0988A /* AuthorizationService.swift in Sources */ = {isa = PBXBuildFile; fileRef = EA97D8D7F7FAB77CB0A15E28 /* AuthorizationService.swift */; };
		B57BAE00F12D8D1A6FF47082 /* Keychain.swift in Sources */ = {isa = PBXBuildFile; fileRef = A9FF9A1A7DBDCEAF20E4606F /* Keychain.swift */; };
		B6B016666C922F4067EBD488 /* UITextFieldWithInset.swift in Sources */ = {isa = PBXBuildFile; fileRef = A609E258B5C1D5D722BE9AA9 /* UITextFieldWithInset.swift */; };
		BBD0F6B0DAEED7E66D1C45B5 /* SnapKit in Frameworks */ = {isa = PBXBuildFile; productRef = 959C1B831A2802E49386074E /* SnapKit */; };
		BE6482EA0C033A44553EA9F5 /* KeychainGroup.swift in Sources */ = {isa = PBXBuildFile; fileRef = 5494212D47BA6B1FF7A61D04 /* KeychainGroup.swift */; };
		C2C05372C73E5038B37BD6BD /* Router.swift in Sources */ = {isa = PBXBuildFile; fileRef = BE976C6A106DE929444F5B95 /* Router.swift */; };
		D6E462A0B3CBBDD01B91D24D /* ApiService.swift in Sources */ = {isa = PBXBuildFile; fileRef = 6B36AE2B0A2529A4116FBC00 /* ApiService.swift */; };
		DA1000698B234A5281302A85 /* AuthTokenPlugin.swift in Sources */ = {isa = PBXBuildFile; fileRef = 196A400B83EB5F3D91002A08 /* AuthTokenPlugin.swift */; };
		DC77AB1A43834946B55A4B7B /* Bundle.swift in Sources */ = {isa = PBXBuildFile; fileRef = D71147D2DD59FECA3B4D6B5D /* Bundle.swift */; };
		E08C9F7BB2E911C94E2F85F2 /* PreferencesKey.swift in Sources */ = {isa = PBXBuildFile; fileRef = 11A22EE3D9D75A3D9887126C /* PreferencesKey.swift */; };
		E4FF33A73D83B0124547123A /* LaunchScreen.storyboard in Resources */ = {isa = PBXBuildFile; fileRef = 4D2D9D5E1DB0C54629832563 /* LaunchScreen.storyboard */; };
		EB259BD7476499E67861D48F /* Transition.swift in Sources */ = {isa = PBXBuildFile; fileRef = 02B738C01E6E9D2406F4F874 /* Transition.swift */; };
		EBA91AE793A1B3B2CDDE3C2C /* CoreKit.framework in Frameworks */ = {isa = PBXBuildFile; fileRef = 4EB05E9872FBCFE16A1703C4 /* CoreKit.framework */; };
		EF3BDD2803A55DD57B45148D /* TextStyle.swift in Sources */ = {isa = PBXBuildFile; fileRef = CAA90F03B96D81B2AE008919 /* TextStyle.swift */; };
		F3BB252C45263CD83D35D225 /* Coordinator.swift in Sources */ = {isa = PBXBuildFile; fileRef = 5D0582433A336F26AF669AFF /* Coordinator.swift */; };
		F8164F42E4BA354F52503EE1 /* StubBehavior.swift in Sources */ = {isa = PBXBuildFile; fileRef = 2621AFBAFA1E0674D3199CC6 /* StubBehavior.swift */; };
		FE81204D1B4FCC3194F0A76B /* AuthService.swift in Sources */ = {isa = PBXBuildFile; fileRef = 76DCBFDDCDF3D89B1047367B /* AuthService.swift */; };
		FEAFD9869A3C098BD9AC1FDD /* UIColor+colors.swift in Sources */ = {isa = PBXBuildFile; fileRef = 38CB28C56905AE8FD1657164 /* UIColor+colors.swift */; };
		FF8D8009EFB9468DE881BB9A /* ApplicationServices.swift in Sources */ = {isa = PBXBuildFile; fileRef = A6366106786B2B0873DFEDFD /* ApplicationServices.swift */; };
		FFBB8B63A1AD4F4401F11311 /* RootApplicationCoordinator.swift in Sources */ = {isa = PBXBuildFile; fileRef = 45D5ADF958099EDDC8E03DF3 /* RootApplicationCoordinator.swift */; };
/* End PBXBuildFile section */

/* Begin PBXContainerItemProxy section */
		63514FF6ED1FC0999F4EAEF7 /* PBXContainerItemProxy */ = {
			isa = PBXContainerItemProxy;
			containerPortal = 630F972C1DA70C03556DD0BF /* Project object */;
			proxyType = 1;
			remoteGlobalIDString = F139F7C97431632E2AEB9EE7;
			remoteInfo = NavigationKit;
		};
		967B187113B6610BDA0A3ED2 /* PBXContainerItemProxy */ = {
			isa = PBXContainerItemProxy;
			containerPortal = 630F972C1DA70C03556DD0BF /* Project object */;
			proxyType = 1;
			remoteGlobalIDString = 34297D54CEECBF2E05ACA78E;
			remoteInfo = NetworkKit;
		};
		A9C4C9E716446B55B33A410B /* PBXContainerItemProxy */ = {
			isa = PBXContainerItemProxy;
			containerPortal = 630F972C1DA70C03556DD0BF /* Project object */;
			proxyType = 1;
			remoteGlobalIDString = 6C4D3DACC1EC770F668A05A1;
			remoteInfo = CoreKit;
		};
		EFC5853F430317F85F697308 /* PBXContainerItemProxy */ = {
			isa = PBXContainerItemProxy;
			containerPortal = 630F972C1DA70C03556DD0BF /* Project object */;
			proxyType = 1;
			remoteGlobalIDString = 6C4D3DACC1EC770F668A05A1;
			remoteInfo = CoreKit;
		};
/* End PBXContainerItemProxy section */

/* Begin PBXCopyFilesBuildPhase section */
		A2AB1188547545FE54AE3501 /* Embed Frameworks */ = {
			isa = PBXCopyFilesBuildPhase;
			buildActionMask = 2147483647;
			dstPath = "";
			dstSubfolderSpec = 10;
			files = (
				055B76C6702420CA88A62FEE /* NavigationKit.framework in Embed Frameworks */,
				589DD02E8E5FDE698B6C5B08 /* NetworkKit.framework in Embed Frameworks */,
				03AB7287377825C7F842108B /* CoreKit.framework in Embed Frameworks */,
			);
			name = "Embed Frameworks";
			runOnlyForDeploymentPostprocessing = 0;
		};
/* End PBXCopyFilesBuildPhase section */

/* Begin PBXFileReference section */
		02B738C01E6E9D2406F4F874 /* Transition.swift */ = {isa = PBXFileReference; lastKnownFileType = sourcecode.swift; path = Transition.swift; sourceTree = "<group>"; };
		0539F7A2775EF636623F0C10 /* Assets.xcassets */ = {isa = PBXFileReference; lastKnownFileType = folder.assetcatalog; path = Assets.xcassets; sourceTree = "<group>"; };
		11505694DC5A9C1F764F021C /* Presentable.swift */ = {isa = PBXFileReference; lastKnownFileType = sourcecode.swift; path = Presentable.swift; sourceTree = "<group>"; };
		11A22EE3D9D75A3D9887126C /* PreferencesKey.swift */ = {isa = PBXFileReference; lastKnownFileType = sourcecode.swift; path = PreferencesKey.swift; sourceTree = "<group>"; };
		16A98DFE905745ACCE1A154E /* LoginInteractor.swift */ = {isa = PBXFileReference; lastKnownFileType = sourcecode.swift; path = LoginInteractor.swift; sourceTree = "<group>"; };
		196A400B83EB5F3D91002A08 /* AuthTokenPlugin.swift */ = {isa = PBXFileReference; lastKnownFileType = sourcecode.swift; path = AuthTokenPlugin.swift; sourceTree = "<group>"; };
		1ACADDDFE416BE300C2F613E /* LoginModule.swift */ = {isa = PBXFileReference; lastKnownFileType = sourcecode.swift; path = LoginModule.swift; sourceTree = "<group>"; };
		1D4B8AB0D010F7B30ACD6226 /* TransitionPerformer.swift */ = {isa = PBXFileReference; lastKnownFileType = sourcecode.swift; path = TransitionPerformer.swift; sourceTree = "<group>"; };
		204B93FA7B6CCB8FDCB2D281 /* NavigationKit.framework */ = {isa = PBXFileReference; explicitFileType = wrapper.framework; includeInIndex = 0; path = NavigationKit.framework; sourceTree = BUILT_PRODUCTS_DIR; };
		2621AFBAFA1E0674D3199CC6 /* StubBehavior.swift */ = {isa = PBXFileReference; lastKnownFileType = sourcecode.swift; path = StubBehavior.swift; sourceTree = "<group>"; };
		2741272D84AEB2BA77377CAE /* KeychainQueryable.swift */ = {isa = PBXFileReference; lastKnownFileType = sourcecode.swift; path = KeychainQueryable.swift; sourceTree = "<group>"; };
		38CB28C56905AE8FD1657164 /* UIColor+colors.swift */ = {isa = PBXFileReference; lastKnownFileType = sourcecode.swift; path = "UIColor+colors.swift"; sourceTree = "<group>"; };
		402AF01427CFD38600BDFAC4 /* auth-student-200.json */ = {isa = PBXFileReference; lastKnownFileType = text.json; path = "auth-student-200.json"; sourceTree = "<group>"; };
		402AF01627CFD47B00BDFAC4 /* auth-teacher-200.json */ = {isa = PBXFileReference; fileEncoding = 4; lastKnownFileType = text.json; path = "auth-teacher-200.json"; sourceTree = "<group>"; };
		402AF01827CFD64800BDFAC4 /* AuthResponse.swift */ = {isa = PBXFileReference; lastKnownFileType = sourcecode.swift; path = AuthResponse.swift; sourceTree = "<group>"; };
		402AF01D27CFDFB600BDFAC4 /* MoyaProcessor.swift */ = {isa = PBXFileReference; fileEncoding = 4; lastKnownFileType = sourcecode.swift; path = MoyaProcessor.swift; sourceTree = "<group>"; };
		403EC3BA27CFE83400BE86C7 /* MainCoordinator.swift */ = {isa = PBXFileReference; lastKnownFileType = sourcecode.swift; path = MainCoordinator.swift; sourceTree = "<group>"; };
		403EC3BC27CFEC3500BE86C7 /* SheduleCoordinator.swift */ = {isa = PBXFileReference; lastKnownFileType = sourcecode.swift; path = SheduleCoordinator.swift; sourceTree = "<group>"; };
		403EC3BE27CFEC3E00BE86C7 /* NewsCoordinator.swift */ = {isa = PBXFileReference; lastKnownFileType = sourcecode.swift; path = NewsCoordinator.swift; sourceTree = "<group>"; };
		403EC3C027CFEC5000BE86C7 /* ProfileCoordinator.swift */ = {isa = PBXFileReference; lastKnownFileType = sourcecode.swift; path = ProfileCoordinator.swift; sourceTree = "<group>"; };
		403EC3C227CFED7300BE86C7 /* UITabBarController+styled.swift */ = {isa = PBXFileReference; lastKnownFileType = sourcecode.swift; path = "UITabBarController+styled.swift"; sourceTree = "<group>"; };
		403EC3C427CFFA3300BE86C7 /* NewsModule.swift */ = {isa = PBXFileReference; lastKnownFileType = sourcecode.swift; path = NewsModule.swift; sourceTree = "<group>"; };
		403EC3C527CFFA3300BE86C7 /* NewsPresenter.swift */ = {isa = PBXFileReference; lastKnownFileType = sourcecode.swift; path = NewsPresenter.swift; sourceTree = "<group>"; };
		403EC3C627CFFA3300BE86C7 /* NewsInteractor.swift */ = {isa = PBXFileReference; lastKnownFileType = sourcecode.swift; path = NewsInteractor.swift; sourceTree = "<group>"; };
		403EC3C727CFFA3300BE86C7 /* NewsView.swift */ = {isa = PBXFileReference; lastKnownFileType = sourcecode.swift; path = NewsView.swift; sourceTree = "<group>"; };
		403EC3C827CFFA3300BE86C7 /* NewsConfigurator.swift */ = {isa = PBXFileReference; lastKnownFileType = sourcecode.swift; path = NewsConfigurator.swift; sourceTree = "<group>"; };
		403EC3CE27CFFA4000BE86C7 /* ProfileModule.swift */ = {isa = PBXFileReference; lastKnownFileType = sourcecode.swift; path = ProfileModule.swift; sourceTree = "<group>"; };
		403EC3CF27CFFA4000BE86C7 /* ProfilePresenter.swift */ = {isa = PBXFileReference; lastKnownFileType = sourcecode.swift; path = ProfilePresenter.swift; sourceTree = "<group>"; };
		403EC3D027CFFA4000BE86C7 /* ProfileInteractor.swift */ = {isa = PBXFileReference; lastKnownFileType = sourcecode.swift; path = ProfileInteractor.swift; sourceTree = "<group>"; };
		403EC3D127CFFA4000BE86C7 /* ProfileView.swift */ = {isa = PBXFileReference; lastKnownFileType = sourcecode.swift; path = ProfileView.swift; sourceTree = "<group>"; };
		403EC3D227CFFA4000BE86C7 /* ProfileConfigurator.swift */ = {isa = PBXFileReference; lastKnownFileType = sourcecode.swift; path = ProfileConfigurator.swift; sourceTree = "<group>"; };
		403EC3D827CFFA4C00BE86C7 /* ScheduleModule.swift */ = {isa = PBXFileReference; lastKnownFileType = sourcecode.swift; path = ScheduleModule.swift; sourceTree = "<group>"; };
		403EC3D927CFFA4C00BE86C7 /* SchedulePresenter.swift */ = {isa = PBXFileReference; lastKnownFileType = sourcecode.swift; path = SchedulePresenter.swift; sourceTree = "<group>"; };
		403EC3DA27CFFA4C00BE86C7 /* ScheduleInteractor.swift */ = {isa = PBXFileReference; lastKnownFileType = sourcecode.swift; path = ScheduleInteractor.swift; sourceTree = "<group>"; };
		403EC3DB27CFFA4C00BE86C7 /* ScheduleView.swift */ = {isa = PBXFileReference; lastKnownFileType = sourcecode.swift; path = ScheduleView.swift; sourceTree = "<group>"; };
		403EC3DC27CFFA4C00BE86C7 /* ScheduleConfigurator.swift */ = {isa = PBXFileReference; lastKnownFileType = sourcecode.swift; path = ScheduleConfigurator.swift; sourceTree = "<group>"; };
		403EC3E427D0195000BE86C7 /* ProfileService.swift */ = {isa = PBXFileReference; lastKnownFileType = sourcecode.swift; path = ProfileService.swift; sourceTree = "<group>"; };
		403EC3E727D01ABB00BE86C7 /* profile-teacher-200.json */ = {isa = PBXFileReference; lastKnownFileType = text.json; path = "profile-teacher-200.json"; sourceTree = "<group>"; };
		403EC3E927D01ACA00BE86C7 /* profile-student-200.json */ = {isa = PBXFileReference; lastKnownFileType = text.json; path = "profile-student-200.json"; sourceTree = "<group>"; };
		403EC3EB27D01D7800BE86C7 /* ProfileTeacherResponse.swift */ = {isa = PBXFileReference; lastKnownFileType = sourcecode.swift; path = ProfileTeacherResponse.swift; sourceTree = "<group>"; };
		403EC3ED27D01E3000BE86C7 /* StudentTeacherResponse.swift */ = {isa = PBXFileReference; lastKnownFileType = sourcecode.swift; path = StudentTeacherResponse.swift; sourceTree = "<group>"; };
		403EC3F027D03A9D00BE86C7 /* PhotoCell.swift */ = {isa = PBXFileReference; lastKnownFileType = sourcecode.swift; path = PhotoCell.swift; sourceTree = "<group>"; };
		403EC3F227D03D6A00BE86C7 /* UniqueCellIdentifier.swift */ = {isa = PBXFileReference; lastKnownFileType = sourcecode.swift; path = UniqueCellIdentifier.swift; sourceTree = "<group>"; };
		403EC3F427D03E5F00BE86C7 /* FullNameCell.swift */ = {isa = PBXFileReference; lastKnownFileType = sourcecode.swift; path = FullNameCell.swift; sourceTree = "<group>"; };
		403EC3F627D0452500BE86C7 /* HeaderCell.swift */ = {isa = PBXFileReference; lastKnownFileType = sourcecode.swift; path = HeaderCell.swift; sourceTree = "<group>"; };
		40ADE2CF27D162EB00763083 /* schedule-student-200.json */ = {isa = PBXFileReference; lastKnownFileType = text.json; path = "schedule-student-200.json"; sourceTree = "<group>"; };
		40ADE2D227D169FE00763083 /* ScheduleResponse.swift */ = {isa = PBXFileReference; lastKnownFileType = sourcecode.swift; path = ScheduleResponse.swift; sourceTree = "<group>"; };
		40ADE2D427D16B8200763083 /* SheduleService.swift */ = {isa = PBXFileReference; lastKnownFileType = sourcecode.swift; path = SheduleService.swift; sourceTree = "<group>"; };
		40ADE2D727D1737700763083 /* LessonCell.swift */ = {isa = PBXFileReference; lastKnownFileType = sourcecode.swift; path = LessonCell.swift; sourceTree = "<group>"; };
		40ADE2DD27D4FFD700763083 /* SpinnerView.swift */ = {isa = PBXFileReference; lastKnownFileType = sourcecode.swift; path = SpinnerView.swift; sourceTree = "<group>"; };
		40ADE2DF27D5238C00763083 /* DayHeaderView.swift */ = {isa = PBXFileReference; lastKnownFileType = sourcecode.swift; path = DayHeaderView.swift; sourceTree = "<group>"; };
		45D5ADF958099EDDC8E03DF3 /* RootApplicationCoordinator.swift */ = {isa = PBXFileReference; lastKnownFileType = sourcecode.swift; path = RootApplicationCoordinator.swift; sourceTree = "<group>"; };
		4D2D9D5E1DB0C54629832563 /* LaunchScreen.storyboard */ = {isa = PBXFileReference; lastKnownFileType = file.storyboard; path = LaunchScreen.storyboard; sourceTree = "<group>"; };
		4EB05E9872FBCFE16A1703C4 /* CoreKit.framework */ = {isa = PBXFileReference; explicitFileType = wrapper.framework; includeInIndex = 0; path = CoreKit.framework; sourceTree = BUILT_PRODUCTS_DIR; };
		51683BBCB4EEB511B64E1D1C /* PreferencesStored.swift */ = {isa = PBXFileReference; lastKnownFileType = sourcecode.swift; path = PreferencesStored.swift; sourceTree = "<group>"; };
		5494212D47BA6B1FF7A61D04 /* KeychainGroup.swift */ = {isa = PBXFileReference; lastKnownFileType = sourcecode.swift; path = KeychainGroup.swift; sourceTree = "<group>"; };
		582C59A25AFF017BC89F9306 /* ActionButton.swift */ = {isa = PBXFileReference; lastKnownFileType = sourcecode.swift; path = ActionButton.swift; sourceTree = "<group>"; };
		5D0582433A336F26AF669AFF /* Coordinator.swift */ = {isa = PBXFileReference; lastKnownFileType = sourcecode.swift; path = Coordinator.swift; sourceTree = "<group>"; };
		6A0CF45B47A0BC5885528424 /* AppDelegate.swift */ = {isa = PBXFileReference; lastKnownFileType = sourcecode.swift; path = AppDelegate.swift; sourceTree = "<group>"; };
		6B36AE2B0A2529A4116FBC00 /* ApiService.swift */ = {isa = PBXFileReference; lastKnownFileType = sourcecode.swift; path = ApiService.swift; sourceTree = "<group>"; };
		742B13EA5029CC2A937540F4 /* NavigationCoordinator.swift */ = {isa = PBXFileReference; lastKnownFileType = sourcecode.swift; path = NavigationCoordinator.swift; sourceTree = "<group>"; };
		747CF1E99E48DB8CFEEA599D /* Info.plist */ = {isa = PBXFileReference; lastKnownFileType = text.plist; path = Info.plist; sourceTree = "<group>"; };
		76DCBFDDCDF3D89B1047367B /* AuthService.swift */ = {isa = PBXFileReference; lastKnownFileType = sourcecode.swift; path = AuthService.swift; sourceTree = "<group>"; };
		7BE15962D548A90D39E2B9D4 /* TargetType.swift */ = {isa = PBXFileReference; lastKnownFileType = sourcecode.swift; path = TargetType.swift; sourceTree = "<group>"; };
		7CF81F59A6D2F1D7BB865923 /* ApplicationPreferencesKey.swift */ = {isa = PBXFileReference; lastKnownFileType = sourcecode.swift; path = ApplicationPreferencesKey.swift; sourceTree = "<group>"; };
		828D6E04FD2972B9978DDC5E /* LoginCoordinator.swift */ = {isa = PBXFileReference; lastKnownFileType = sourcecode.swift; path = LoginCoordinator.swift; sourceTree = "<group>"; };
		891EAA09CEA9379A72CE9DB2 /* Publisher+WeakAssign.swift */ = {isa = PBXFileReference; lastKnownFileType = sourcecode.swift; path = "Publisher+WeakAssign.swift"; sourceTree = "<group>"; };
		8B178D92279E42D8F5E6B957 /* BaseCoordinator.swift */ = {isa = PBXFileReference; lastKnownFileType = sourcecode.swift; path = BaseCoordinator.swift; sourceTree = "<group>"; };
		8E3C986BAC596C0A912F61D8 /* Endpoint.swift */ = {isa = PBXFileReference; lastKnownFileType = sourcecode.swift; path = Endpoint.swift; sourceTree = "<group>"; };
		8F2AF9A4E021E6C62CDC91F4 /* KeychainStored.swift */ = {isa = PBXFileReference; lastKnownFileType = sourcecode.swift; path = KeychainStored.swift; sourceTree = "<group>"; };
		9A11B366DE39543DBD0C3EFC /* LoadingViewController.swift */ = {isa = PBXFileReference; lastKnownFileType = sourcecode.swift; path = LoadingViewController.swift; sourceTree = "<group>"; };
		A609E258B5C1D5D722BE9AA9 /* UITextFieldWithInset.swift */ = {isa = PBXFileReference; lastKnownFileType = sourcecode.swift; path = UITextFieldWithInset.swift; sourceTree = "<group>"; };
		A6366106786B2B0873DFEDFD /* ApplicationServices.swift */ = {isa = PBXFileReference; lastKnownFileType = sourcecode.swift; path = ApplicationServices.swift; sourceTree = "<group>"; };
		A6F4A62ECEFCA2CD7E989AA0 /* MTUCI.app */ = {isa = PBXFileReference; explicitFileType = wrapper.application; includeInIndex = 0; path = MTUCI.app; sourceTree = BUILT_PRODUCTS_DIR; };
		A9FF9A1A7DBDCEAF20E4606F /* Keychain.swift */ = {isa = PBXFileReference; lastKnownFileType = sourcecode.swift; path = Keychain.swift; sourceTree = "<group>"; };
		B2225F9B6F51A1BC16E8031A /* LoginConfigurator.swift */ = {isa = PBXFileReference; lastKnownFileType = sourcecode.swift; path = LoginConfigurator.swift; sourceTree = "<group>"; };
		B63C4BB260D36AAD9DE3CDC9 /* LoginView.swift */ = {isa = PBXFileReference; lastKnownFileType = sourcecode.swift; path = LoginView.swift; sourceTree = "<group>"; };
		BA8322F3CEC05EE130A37170 /* KeychainPassword.swift */ = {isa = PBXFileReference; lastKnownFileType = sourcecode.swift; path = KeychainPassword.swift; sourceTree = "<group>"; };
		BE976C6A106DE929444F5B95 /* Router.swift */ = {isa = PBXFileReference; lastKnownFileType = sourcecode.swift; path = Router.swift; sourceTree = "<group>"; };
		C66203571A73C46F0C95FB1B /* Preferences.swift */ = {isa = PBXFileReference; lastKnownFileType = sourcecode.swift; path = Preferences.swift; sourceTree = "<group>"; };
		CAA90F03B96D81B2AE008919 /* TextStyle.swift */ = {isa = PBXFileReference; lastKnownFileType = sourcecode.swift; path = TextStyle.swift; sourceTree = "<group>"; };
		D022A636D1A00044439650C9 /* NetworkKit.framework */ = {isa = PBXFileReference; explicitFileType = wrapper.framework; includeInIndex = 0; path = NetworkKit.framework; sourceTree = BUILT_PRODUCTS_DIR; };
		D71147D2DD59FECA3B4D6B5D /* Bundle.swift */ = {isa = PBXFileReference; lastKnownFileType = sourcecode.swift; path = Bundle.swift; sourceTree = "<group>"; };
		E1C1B6D8F8A5D1A8DE147E76 /* LoginPresenter.swift */ = {isa = PBXFileReference; lastKnownFileType = sourcecode.swift; path = LoginPresenter.swift; sourceTree = "<group>"; };
		EA97D8D7F7FAB77CB0A15E28 /* AuthorizationService.swift */ = {isa = PBXFileReference; lastKnownFileType = sourcecode.swift; path = AuthorizationService.swift; sourceTree = "<group>"; };
		F0A27FE025988EA651EA33AB /* KeychainError.swift */ = {isa = PBXFileReference; lastKnownFileType = sourcecode.swift; path = KeychainError.swift; sourceTree = "<group>"; };
		F73AC852D402E1A19DADC575 /* ApplicationKeychainGroup.swift */ = {isa = PBXFileReference; lastKnownFileType = sourcecode.swift; path = ApplicationKeychainGroup.swift; sourceTree = "<group>"; };
/* End PBXFileReference section */

/* Begin PBXFrameworksBuildPhase section */
		296D139FF05BF34FCF8027E3 /* Frameworks */ = {
			isa = PBXFrameworksBuildPhase;
			buildActionMask = 2147483647;
			files = (
				BBD0F6B0DAEED7E66D1C45B5 /* SnapKit in Frameworks */,
				ADA0E9DF8CEB9DA0843A3E34 /* NavigationKit.framework in Frameworks */,
				41C0BB5A29706AF404AAC094 /* NetworkKit.framework in Frameworks */,
				5F8A20D469195AEB6DF9139A /* CoreKit.framework in Frameworks */,
			);
			runOnlyForDeploymentPostprocessing = 0;
		};
		CA37F7450170874F633D322C /* Frameworks */ = {
			isa = PBXFrameworksBuildPhase;
			buildActionMask = 2147483647;
			files = (
				8FA75A281F17ED2E45E94BF7 /* Moya in Frameworks */,
				EBA91AE793A1B3B2CDDE3C2C /* CoreKit.framework in Frameworks */,
			);
			runOnlyForDeploymentPostprocessing = 0;
		};
/* End PBXFrameworksBuildPhase section */

/* Begin PBXGroup section */
		196B9B07E135B73CFBF3E785 /* CoreKit */ = {
			isa = PBXGroup;
			children = (
				891EAA09CEA9379A72CE9DB2 /* Publisher+WeakAssign.swift */,
				C3CF8E9E1F258FC80A2F53D5 /* Keychain */,
				ACF85D227A3A60D280A41DE4 /* Preferences */,
			);
			path = CoreKit;
			sourceTree = "<group>";
		};
		201B893F5816E249E6A3516B /* MTUCI */ = {
			isa = PBXGroup;
			children = (
				84F03377F1818B3E44A07083 /* ApplicationServices */,
				B7655C13506509DC227B5641 /* Components */,
				6EF85168E0411A2D93F9C9B0 /* Extensions */,
				6B818AA13167D40FD4EC0726 /* Flows */,
				E845C061FC7EBAD29645828E /* Navigation */,
				6C3286BD7D4CAAE4ED5ECA50 /* SupportFiles */,
			);
			path = MTUCI;
			sourceTree = "<group>";
		};
		402AF01327CFD37000BDFAC4 /* AuthService */ = {
			isa = PBXGroup;
			children = (
				402AF01627CFD47B00BDFAC4 /* auth-teacher-200.json */,
				402AF01427CFD38600BDFAC4 /* auth-student-200.json */,
			);
			path = AuthService;
			sourceTree = "<group>";
		};
		402AF01727CFD61F00BDFAC4 /* AuthService */ = {
			isa = PBXGroup;
			children = (
				402AF01827CFD64800BDFAC4 /* AuthResponse.swift */,
			);
			path = AuthService;
			sourceTree = "<group>";
		};
		402AF01A27CFD85C00BDFAC4 /* Schedule */ = {
			isa = PBXGroup;
			children = (
				40ADE2D627D1732100763083 /* Cells */,
				403EC3D827CFFA4C00BE86C7 /* ScheduleModule.swift */,
				403EC3D927CFFA4C00BE86C7 /* SchedulePresenter.swift */,
				403EC3DA27CFFA4C00BE86C7 /* ScheduleInteractor.swift */,
				403EC3DB27CFFA4C00BE86C7 /* ScheduleView.swift */,
				403EC3DC27CFFA4C00BE86C7 /* ScheduleConfigurator.swift */,
			);
			path = Schedule;
			sourceTree = "<group>";
		};
		402AF01B27CFD86B00BDFAC4 /* Profile */ = {
			isa = PBXGroup;
			children = (
				403EC3EF27D03A8C00BE86C7 /* Cells */,
				403EC3CE27CFFA4000BE86C7 /* ProfileModule.swift */,
				403EC3CF27CFFA4000BE86C7 /* ProfilePresenter.swift */,
				403EC3D027CFFA4000BE86C7 /* ProfileInteractor.swift */,
				403EC3D127CFFA4000BE86C7 /* ProfileView.swift */,
				403EC3D227CFFA4000BE86C7 /* ProfileConfigurator.swift */,
			);
			path = Profile;
			sourceTree = "<group>";
		};
		402AF01C27CFD88400BDFAC4 /* News */ = {
			isa = PBXGroup;
			children = (
				403EC3C427CFFA3300BE86C7 /* NewsModule.swift */,
				403EC3C527CFFA3300BE86C7 /* NewsPresenter.swift */,
				403EC3C627CFFA3300BE86C7 /* NewsInteractor.swift */,
				403EC3C727CFFA3300BE86C7 /* NewsView.swift */,
				403EC3C827CFFA3300BE86C7 /* NewsConfigurator.swift */,
			);
			path = News;
			sourceTree = "<group>";
		};
		403EC3E227D0192300BE86C7 /* ProfileService */ = {
			isa = PBXGroup;
			children = (
				403EC3EB27D01D7800BE86C7 /* ProfileTeacherResponse.swift */,
				403EC3ED27D01E3000BE86C7 /* StudentTeacherResponse.swift */,
			);
			path = ProfileService;
			sourceTree = "<group>";
		};
		403EC3E627D01A9500BE86C7 /* ProfileService */ = {
			isa = PBXGroup;
			children = (
				403EC3E727D01ABB00BE86C7 /* profile-teacher-200.json */,
				403EC3E927D01ACA00BE86C7 /* profile-student-200.json */,
			);
			path = ProfileService;
			sourceTree = "<group>";
		};
		403EC3EF27D03A8C00BE86C7 /* Cells */ = {
			isa = PBXGroup;
			children = (
				403EC3F027D03A9D00BE86C7 /* PhotoCell.swift */,
				403EC3F427D03E5F00BE86C7 /* FullNameCell.swift */,
				403EC3F627D0452500BE86C7 /* HeaderCell.swift */,
			);
			path = Cells;
			sourceTree = "<group>";
		};
		40ADE2CE27D162D200763083 /* ScheduleService */ = {
			isa = PBXGroup;
			children = (
				40ADE2CF27D162EB00763083 /* schedule-student-200.json */,
			);
			path = ScheduleService;
			sourceTree = "<group>";
		};
		40ADE2D127D169EF00763083 /* ScheduleService */ = {
			isa = PBXGroup;
			children = (
				40ADE2D227D169FE00763083 /* ScheduleResponse.swift */,
			);
			path = ScheduleService;
			sourceTree = "<group>";
		};
		40ADE2D627D1732100763083 /* Cells */ = {
			isa = PBXGroup;
			children = (
				40ADE2D727D1737700763083 /* LessonCell.swift */,
				40ADE2DF27D5238C00763083 /* DayHeaderView.swift */,
			);
			path = Cells;
			sourceTree = "<group>";
		};
		4A47950B91BD8A3CFEC8E55F /* NetworkKit */ = {
			isa = PBXGroup;
			children = (
				D71147D2DD59FECA3B4D6B5D /* Bundle.swift */,
				8E3C986BAC596C0A912F61D8 /* Endpoint.swift */,
				402AF01D27CFDFB600BDFAC4 /* MoyaProcessor.swift */,
				2621AFBAFA1E0674D3199CC6 /* StubBehavior.swift */,
				7BE15962D548A90D39E2B9D4 /* TargetType.swift */,
				7B88F166F75611380EF44F85 /* Models */,
				DDCEFBD901FD7ED17C26664C /* Plugins */,
				4F6FF5304087C6F979415896 /* Samples */,
				C60488335DFA81792DDA63F9 /* Services */,
			);
			path = NetworkKit;
			sourceTree = "<group>";
		};
		4F6FF5304087C6F979415896 /* Samples */ = {
			isa = PBXGroup;
			children = (
				40ADE2CE27D162D200763083 /* ScheduleService */,
				402AF01327CFD37000BDFAC4 /* AuthService */,
				403EC3E627D01A9500BE86C7 /* ProfileService */,
			);
			path = Samples;
			sourceTree = "<group>";
		};
		57AB692036D31996A96405F4 /* Products */ = {
			isa = PBXGroup;
			children = (
				4EB05E9872FBCFE16A1703C4 /* CoreKit.framework */,
				A6F4A62ECEFCA2CD7E989AA0 /* MTUCI.app */,
				204B93FA7B6CCB8FDCB2D281 /* NavigationKit.framework */,
				D022A636D1A00044439650C9 /* NetworkKit.framework */,
			);
			name = Products;
			sourceTree = "<group>";
		};
		5CD98B4F7255FD3A4ED1BEF0 /* Login */ = {
			isa = PBXGroup;
			children = (
				B2225F9B6F51A1BC16E8031A /* LoginConfigurator.swift */,
				16A98DFE905745ACCE1A154E /* LoginInteractor.swift */,
				1ACADDDFE416BE300C2F613E /* LoginModule.swift */,
				E1C1B6D8F8A5D1A8DE147E76 /* LoginPresenter.swift */,
				B63C4BB260D36AAD9DE3CDC9 /* LoginView.swift */,
			);
			path = Login;
			sourceTree = "<group>";
		};
		6B818AA13167D40FD4EC0726 /* Flows */ = {
			isa = PBXGroup;
			children = (
				402AF01C27CFD88400BDFAC4 /* News */,
				402AF01B27CFD86B00BDFAC4 /* Profile */,
				402AF01A27CFD85C00BDFAC4 /* Schedule */,
				5CD98B4F7255FD3A4ED1BEF0 /* Login */,
			);
			path = Flows;
			sourceTree = "<group>";
		};
		6C3286BD7D4CAAE4ED5ECA50 /* SupportFiles */ = {
			isa = PBXGroup;
			children = (
				6A0CF45B47A0BC5885528424 /* AppDelegate.swift */,
				0539F7A2775EF636623F0C10 /* Assets.xcassets */,
				747CF1E99E48DB8CFEEA599D /* Info.plist */,
				4D2D9D5E1DB0C54629832563 /* LaunchScreen.storyboard */,
				CAA90F03B96D81B2AE008919 /* TextStyle.swift */,
			);
			path = SupportFiles;
			sourceTree = "<group>";
		};
		6EF85168E0411A2D93F9C9B0 /* Extensions */ = {
			isa = PBXGroup;
			children = (
				38CB28C56905AE8FD1657164 /* UIColor+colors.swift */,
				403EC3C227CFED7300BE86C7 /* UITabBarController+styled.swift */,
			);
			path = Extensions;
			sourceTree = "<group>";
		};
		7B88F166F75611380EF44F85 /* Models */ = {
			isa = PBXGroup;
			children = (
				40ADE2D127D169EF00763083 /* ScheduleService */,
				403EC3E227D0192300BE86C7 /* ProfileService */,
				402AF01727CFD61F00BDFAC4 /* AuthService */,
			);
			path = Models;
			sourceTree = "<group>";
		};
		84F03377F1818B3E44A07083 /* ApplicationServices */ = {
			isa = PBXGroup;
			children = (
				6B36AE2B0A2529A4116FBC00 /* ApiService.swift */,
				A6366106786B2B0873DFEDFD /* ApplicationServices.swift */,
				EA97D8D7F7FAB77CB0A15E28 /* AuthorizationService.swift */,
			);
			path = ApplicationServices;
			sourceTree = "<group>";
		};
		907420F46B86B1944C16BA53 = {
			isa = PBXGroup;
			children = (
				196B9B07E135B73CFBF3E785 /* CoreKit */,
				201B893F5816E249E6A3516B /* MTUCI */,
				FB78B6465F3C2710B0B077FF /* NavigationKit */,
				4A47950B91BD8A3CFEC8E55F /* NetworkKit */,
				57AB692036D31996A96405F4 /* Products */,
			);
			sourceTree = "<group>";
		};
		ACF85D227A3A60D280A41DE4 /* Preferences */ = {
			isa = PBXGroup;
			children = (
				7CF81F59A6D2F1D7BB865923 /* ApplicationPreferencesKey.swift */,
				C66203571A73C46F0C95FB1B /* Preferences.swift */,
				11A22EE3D9D75A3D9887126C /* PreferencesKey.swift */,
				51683BBCB4EEB511B64E1D1C /* PreferencesStored.swift */,
			);
			path = Preferences;
			sourceTree = "<group>";
		};
		B7655C13506509DC227B5641 /* Components */ = {
			isa = PBXGroup;
			children = (
				582C59A25AFF017BC89F9306 /* ActionButton.swift */,
				9A11B366DE39543DBD0C3EFC /* LoadingViewController.swift */,
				A609E258B5C1D5D722BE9AA9 /* UITextFieldWithInset.swift */,
				403EC3F227D03D6A00BE86C7 /* UniqueCellIdentifier.swift */,
				40ADE2DD27D4FFD700763083 /* SpinnerView.swift */,
			);
			path = Components;
			sourceTree = "<group>";
		};
		C3CF8E9E1F258FC80A2F53D5 /* Keychain */ = {
			isa = PBXGroup;
			children = (
				F73AC852D402E1A19DADC575 /* ApplicationKeychainGroup.swift */,
				A9FF9A1A7DBDCEAF20E4606F /* Keychain.swift */,
				F0A27FE025988EA651EA33AB /* KeychainError.swift */,
				5494212D47BA6B1FF7A61D04 /* KeychainGroup.swift */,
				BA8322F3CEC05EE130A37170 /* KeychainPassword.swift */,
				2741272D84AEB2BA77377CAE /* KeychainQueryable.swift */,
				8F2AF9A4E021E6C62CDC91F4 /* KeychainStored.swift */,
			);
			path = Keychain;
			sourceTree = "<group>";
		};
		C60488335DFA81792DDA63F9 /* Services */ = {
			isa = PBXGroup;
			children = (
				76DCBFDDCDF3D89B1047367B /* AuthService.swift */,
				403EC3E427D0195000BE86C7 /* ProfileService.swift */,
				40ADE2D427D16B8200763083 /* SheduleService.swift */,
			);
			path = Services;
			sourceTree = "<group>";
		};
		DDCEFBD901FD7ED17C26664C /* Plugins */ = {
			isa = PBXGroup;
			children = (
				196A400B83EB5F3D91002A08 /* AuthTokenPlugin.swift */,
			);
			path = Plugins;
			sourceTree = "<group>";
		};
		E845C061FC7EBAD29645828E /* Navigation */ = {
			isa = PBXGroup;
			children = (
				828D6E04FD2972B9978DDC5E /* LoginCoordinator.swift */,
				45D5ADF958099EDDC8E03DF3 /* RootApplicationCoordinator.swift */,
				403EC3BA27CFE83400BE86C7 /* MainCoordinator.swift */,
				403EC3BC27CFEC3500BE86C7 /* SheduleCoordinator.swift */,
				403EC3BE27CFEC3E00BE86C7 /* NewsCoordinator.swift */,
				403EC3C027CFEC5000BE86C7 /* ProfileCoordinator.swift */,
			);
			path = Navigation;
			sourceTree = "<group>";
		};
		FB78B6465F3C2710B0B077FF /* NavigationKit */ = {
			isa = PBXGroup;
			children = (
				8B178D92279E42D8F5E6B957 /* BaseCoordinator.swift */,
				5D0582433A336F26AF669AFF /* Coordinator.swift */,
				742B13EA5029CC2A937540F4 /* NavigationCoordinator.swift */,
				11505694DC5A9C1F764F021C /* Presentable.swift */,
				BE976C6A106DE929444F5B95 /* Router.swift */,
				02B738C01E6E9D2406F4F874 /* Transition.swift */,
				1D4B8AB0D010F7B30ACD6226 /* TransitionPerformer.swift */,
			);
			path = NavigationKit;
			sourceTree = "<group>";
		};
/* End PBXGroup section */

/* Begin PBXNativeTarget section */
		34297D54CEECBF2E05ACA78E /* NetworkKit */ = {
			isa = PBXNativeTarget;
			buildConfigurationList = FA4E2DA6D988ED9805EFE88D /* Build configuration list for PBXNativeTarget "NetworkKit" */;
			buildPhases = (
				80610783875D945DB91A550B /* Sources */,
				CA37F7450170874F633D322C /* Frameworks */,
				403EC3B927CFE48200BE86C7 /* Resources */,
			);
			buildRules = (
			);
			dependencies = (
				8F60F95381F8015B91662938 /* PBXTargetDependency */,
			);
			name = NetworkKit;
			packageProductDependencies = (
				BF8000BCACF380BE0B3AFD0B /* Moya */,
			);
			productName = NetworkKit;
			productReference = D022A636D1A00044439650C9 /* NetworkKit.framework */;
			productType = "com.apple.product-type.framework";
		};
		6C4D3DACC1EC770F668A05A1 /* CoreKit */ = {
			isa = PBXNativeTarget;
			buildConfigurationList = B8FA4CD21767A8AF2BD97548 /* Build configuration list for PBXNativeTarget "CoreKit" */;
			buildPhases = (
				CFF2294F351BCE79DC69FE1C /* Sources */,
			);
			buildRules = (
			);
			dependencies = (
			);
			name = CoreKit;
			productName = CoreKit;
			productReference = 4EB05E9872FBCFE16A1703C4 /* CoreKit.framework */;
			productType = "com.apple.product-type.framework";
		};
		97EEB7BD937DA59B8BEE377F /* MTUCI */ = {
			isa = PBXNativeTarget;
			buildConfigurationList = E2334257AB4FD6C448F80ABC /* Build configuration list for PBXNativeTarget "MTUCI" */;
			buildPhases = (
				0985F64DAC8635CD11CBB7D7 /* Sources */,
				B34A13CF3C427F0FF1F44E9B /* Resources */,
				296D139FF05BF34FCF8027E3 /* Frameworks */,
				A2AB1188547545FE54AE3501 /* Embed Frameworks */,
			);
			buildRules = (
			);
			dependencies = (
				B9176500B3DFB51CDF707D71 /* PBXTargetDependency */,
				DD8F15067049891DEE46B9A8 /* PBXTargetDependency */,
				0702DA635FC5155F7E506B48 /* PBXTargetDependency */,
			);
			name = MTUCI;
			packageProductDependencies = (
				959C1B831A2802E49386074E /* SnapKit */,
			);
			productName = MTUCI;
			productReference = A6F4A62ECEFCA2CD7E989AA0 /* MTUCI.app */;
			productType = "com.apple.product-type.application";
		};
		F139F7C97431632E2AEB9EE7 /* NavigationKit */ = {
			isa = PBXNativeTarget;
			buildConfigurationList = E8FC047D18EE7E19F5A56B0A /* Build configuration list for PBXNativeTarget "NavigationKit" */;
			buildPhases = (
				3549FDBBE8BCF708563E9BFA /* Sources */,
			);
			buildRules = (
			);
			dependencies = (
			);
			name = NavigationKit;
			productName = NavigationKit;
			productReference = 204B93FA7B6CCB8FDCB2D281 /* NavigationKit.framework */;
			productType = "com.apple.product-type.framework";
		};
/* End PBXNativeTarget section */

/* Begin PBXProject section */
		630F972C1DA70C03556DD0BF /* Project object */ = {
			isa = PBXProject;
			attributes = {
				LastUpgradeCheck = 1200;
				TargetAttributes = {
					97EEB7BD937DA59B8BEE377F = {
						ProvisioningStyle = Automatic;
					};
				};
			};
			buildConfigurationList = 5301880E746A8228A6C1085F /* Build configuration list for PBXProject "MTUCI" */;
			compatibilityVersion = "Xcode 10.0";
			developmentRegion = en;
			hasScannedForEncodings = 0;
			knownRegions = (
				Base,
				en,
			);
			mainGroup = 907420F46B86B1944C16BA53;
			packageReferences = (
				5D24D661D607BF0933646782 /* XCRemoteSwiftPackageReference "Moya" */,
				30F0C7C3A1EE8BCB0CD4CF27 /* XCRemoteSwiftPackageReference "SnapKit" */,
			);
			projectDirPath = "";
			projectRoot = "";
			targets = (
				6C4D3DACC1EC770F668A05A1 /* CoreKit */,
				97EEB7BD937DA59B8BEE377F /* MTUCI */,
				F139F7C97431632E2AEB9EE7 /* NavigationKit */,
				34297D54CEECBF2E05ACA78E /* NetworkKit */,
			);
		};
/* End PBXProject section */

/* Begin PBXResourcesBuildPhase section */
		403EC3B927CFE48200BE86C7 /* Resources */ = {
			isa = PBXResourcesBuildPhase;
			buildActionMask = 2147483647;
			files = (
				403EC3E827D01ABB00BE86C7 /* profile-teacher-200.json in Resources */,
				403EC3EA27D01ACA00BE86C7 /* profile-student-200.json in Resources */,
				403EC3B827CFE44900BE86C7 /* auth-teacher-200.json in Resources */,
				40ADE2D027D162EB00763083 /* schedule-student-200.json in Resources */,
				402AF01527CFD38600BDFAC4 /* auth-student-200.json in Resources */,
			);
			runOnlyForDeploymentPostprocessing = 0;
		};
		B34A13CF3C427F0FF1F44E9B /* Resources */ = {
			isa = PBXResourcesBuildPhase;
			buildActionMask = 2147483647;
			files = (
				328535BD3A6DD0A77FB4945E /* Assets.xcassets in Resources */,
				E4FF33A73D83B0124547123A /* LaunchScreen.storyboard in Resources */,
			);
			runOnlyForDeploymentPostprocessing = 0;
		};
/* End PBXResourcesBuildPhase section */

/* Begin PBXSourcesBuildPhase section */
		0985F64DAC8635CD11CBB7D7 /* Sources */ = {
			isa = PBXSourcesBuildPhase;
			buildActionMask = 2147483647;
			files = (
				6249482B4A8F0753F8DBFDCC /* ActionButton.swift in Sources */,
				D6E462A0B3CBBDD01B91D24D /* ApiService.swift in Sources */,
				403EC3DD27CFFA4C00BE86C7 /* ScheduleModule.swift in Sources */,
				A9A1A5EBD0A825E6D5E5E376 /* AppDelegate.swift in Sources */,
				403EC3D327CFFA4000BE86C7 /* ProfileModule.swift in Sources */,
				FF8D8009EFB9468DE881BB9A /* ApplicationServices.swift in Sources */,
				ADBA4D34DA32ED2666D0988A /* AuthorizationService.swift in Sources */,
				5F7F3A54455D4829ADDAA6FA /* LoadingViewController.swift in Sources */,
				403EC3D727CFFA4000BE86C7 /* ProfileConfigurator.swift in Sources */,
				3C09B61DC68F145484BAFB0C /* LoginConfigurator.swift in Sources */,
				403EC3E027CFFA4C00BE86C7 /* ScheduleView.swift in Sources */,
				403EC3C327CFED7300BE86C7 /* UITabBarController+styled.swift in Sources */,
				403EC3D527CFFA4000BE86C7 /* ProfileInteractor.swift in Sources */,
				403EC3F327D03D6A00BE86C7 /* UniqueCellIdentifier.swift in Sources */,
				9CE16B01BE0A5F1D0DE828A7 /* LoginCoordinator.swift in Sources */,
				403EC3D427CFFA4000BE86C7 /* ProfilePresenter.swift in Sources */,
				403EC3C127CFEC5000BE86C7 /* ProfileCoordinator.swift in Sources */,
				4116CF49697C2793FAA697C9 /* LoginInteractor.swift in Sources */,
				403EC3DE27CFFA4C00BE86C7 /* SchedulePresenter.swift in Sources */,
				403EC3F527D03E5F00BE86C7 /* FullNameCell.swift in Sources */,
				40ADE2E027D5238C00763083 /* DayHeaderView.swift in Sources */,
				40ADE2DE27D4FFD700763083 /* SpinnerView.swift in Sources */,
				403EC3DF27CFFA4C00BE86C7 /* ScheduleInteractor.swift in Sources */,
				7C29B3A185B05E64035EA0F1 /* LoginModule.swift in Sources */,
				403EC3CA27CFFA3300BE86C7 /* NewsPresenter.swift in Sources */,
				403EC3CC27CFFA3300BE86C7 /* NewsView.swift in Sources */,
				6F9EBF2015818047CCC3E6A1 /* LoginPresenter.swift in Sources */,
				52528CDCFBAF7363BC2D4F6E /* LoginView.swift in Sources */,
				FFBB8B63A1AD4F4401F11311 /* RootApplicationCoordinator.swift in Sources */,
				403EC3CD27CFFA3300BE86C7 /* NewsConfigurator.swift in Sources */,
				403EC3BD27CFEC3500BE86C7 /* SheduleCoordinator.swift in Sources */,
				40ADE2D827D1737700763083 /* LessonCell.swift in Sources */,
				403EC3D627CFFA4000BE86C7 /* ProfileView.swift in Sources */,
				403EC3C927CFFA3300BE86C7 /* NewsModule.swift in Sources */,
				403EC3E127CFFA4C00BE86C7 /* ScheduleConfigurator.swift in Sources */,
				403EC3F127D03A9D00BE86C7 /* PhotoCell.swift in Sources */,
				EF3BDD2803A55DD57B45148D /* TextStyle.swift in Sources */,
				FEAFD9869A3C098BD9AC1FDD /* UIColor+colors.swift in Sources */,
				B6B016666C922F4067EBD488 /* UITextFieldWithInset.swift in Sources */,
				403EC3F727D0452500BE86C7 /* HeaderCell.swift in Sources */,
				403EC3BF27CFEC3E00BE86C7 /* NewsCoordinator.swift in Sources */,
				403EC3BB27CFE83400BE86C7 /* MainCoordinator.swift in Sources */,
				403EC3CB27CFFA3300BE86C7 /* NewsInteractor.swift in Sources */,
			);
			runOnlyForDeploymentPostprocessing = 0;
		};
		3549FDBBE8BCF708563E9BFA /* Sources */ = {
			isa = PBXSourcesBuildPhase;
			buildActionMask = 2147483647;
			files = (
				1E9F6B8151AF544CC473E7D8 /* BaseCoordinator.swift in Sources */,
				F3BB252C45263CD83D35D225 /* Coordinator.swift in Sources */,
				AB6ABAF641F5B6CA0ECA3C23 /* NavigationCoordinator.swift in Sources */,
				9A4C0EB13DF536A60635BFE0 /* Presentable.swift in Sources */,
				C2C05372C73E5038B37BD6BD /* Router.swift in Sources */,
				EB259BD7476499E67861D48F /* Transition.swift in Sources */,
				4516973FD66AF1FF5FAFD950 /* TransitionPerformer.swift in Sources */,
			);
			runOnlyForDeploymentPostprocessing = 0;
		};
		80610783875D945DB91A550B /* Sources */ = {
			isa = PBXSourcesBuildPhase;
			buildActionMask = 2147483647;
			files = (
				FE81204D1B4FCC3194F0A76B /* AuthService.swift in Sources */,
				403EC3EC27D01D7800BE86C7 /* ProfileTeacherResponse.swift in Sources */,
				40ADE2D327D169FE00763083 /* ScheduleResponse.swift in Sources */,
				DA1000698B234A5281302A85 /* AuthTokenPlugin.swift in Sources */,
				403EC3E527D0195000BE86C7 /* ProfileService.swift in Sources */,
				DC77AB1A43834946B55A4B7B /* Bundle.swift in Sources */,
				402AF01E27CFDFB600BDFAC4 /* MoyaProcessor.swift in Sources */,
				A01671365E72043E87A4AD98 /* Endpoint.swift in Sources */,
				F8164F42E4BA354F52503EE1 /* StubBehavior.swift in Sources */,
				403EC3EE27D01E3000BE86C7 /* StudentTeacherResponse.swift in Sources */,
				40ADE2D527D16B8200763083 /* SheduleService.swift in Sources */,
				402AF01927CFD64800BDFAC4 /* AuthResponse.swift in Sources */,
				8B5D9AEAFDF7754599F53D54 /* TargetType.swift in Sources */,
			);
			runOnlyForDeploymentPostprocessing = 0;
		};
		CFF2294F351BCE79DC69FE1C /* Sources */ = {
			isa = PBXSourcesBuildPhase;
			buildActionMask = 2147483647;
			files = (
				34F4753252446D21D60477D3 /* ApplicationKeychainGroup.swift in Sources */,
				AA0BA6D5D27D9F896DEB1500 /* ApplicationPreferencesKey.swift in Sources */,
				B57BAE00F12D8D1A6FF47082 /* Keychain.swift in Sources */,
				25ADA28492B124B5E60FA499 /* KeychainError.swift in Sources */,
				BE6482EA0C033A44553EA9F5 /* KeychainGroup.swift in Sources */,
				4980BEC984B6001E17D08AA8 /* KeychainPassword.swift in Sources */,
				4D6C0C0626ABA53A9C2015BA /* KeychainQueryable.swift in Sources */,
				1298833FCE24CE965D9B675C /* KeychainStored.swift in Sources */,
				6A90DB38E06F1167BAF4CD32 /* Preferences.swift in Sources */,
				E08C9F7BB2E911C94E2F85F2 /* PreferencesKey.swift in Sources */,
				82988A64ED1BB24E85A7BFED /* PreferencesStored.swift in Sources */,
				16F261649009F6DB096BC5D4 /* Publisher+WeakAssign.swift in Sources */,
			);
			runOnlyForDeploymentPostprocessing = 0;
		};
/* End PBXSourcesBuildPhase section */

/* Begin PBXTargetDependency section */
		0702DA635FC5155F7E506B48 /* PBXTargetDependency */ = {
			isa = PBXTargetDependency;
			target = 6C4D3DACC1EC770F668A05A1 /* CoreKit */;
			targetProxy = A9C4C9E716446B55B33A410B /* PBXContainerItemProxy */;
		};
		8F60F95381F8015B91662938 /* PBXTargetDependency */ = {
			isa = PBXTargetDependency;
			target = 6C4D3DACC1EC770F668A05A1 /* CoreKit */;
			targetProxy = EFC5853F430317F85F697308 /* PBXContainerItemProxy */;
		};
		B9176500B3DFB51CDF707D71 /* PBXTargetDependency */ = {
			isa = PBXTargetDependency;
			target = F139F7C97431632E2AEB9EE7 /* NavigationKit */;
			targetProxy = 63514FF6ED1FC0999F4EAEF7 /* PBXContainerItemProxy */;
		};
		DD8F15067049891DEE46B9A8 /* PBXTargetDependency */ = {
			isa = PBXTargetDependency;
			target = 34297D54CEECBF2E05ACA78E /* NetworkKit */;
			targetProxy = 967B187113B6610BDA0A3ED2 /* PBXContainerItemProxy */;
		};
/* End PBXTargetDependency section */

/* Begin XCBuildConfiguration section */
		312C8F28D47BE94C439BEC36 /* Release */ = {
			isa = XCBuildConfiguration;
			buildSettings = {
				CODE_SIGN_IDENTITY = "";
				CURRENT_PROJECT_VERSION = 1;
				DEFINES_MODULE = YES;
				DYLIB_COMPATIBILITY_VERSION = 1;
				DYLIB_CURRENT_VERSION = 1;
				DYLIB_INSTALL_NAME_BASE = "@rpath";
				GENERATE_INFOPLIST_FILE = YES;
				INSTALL_PATH = "$(LOCAL_LIBRARY_DIR)/Frameworks";
				IPHONEOS_DEPLOYMENT_TARGET = 14.0;
				LD_RUNPATH_SEARCH_PATHS = (
					"$(inherited)",
					"@executable_path/Frameworks",
				);
				MARKETING_VERSION = 1.0;
				PRODUCT_BUNDLE_IDENTIFIER = ru.qstove.mtuci.Navigation;
				SDKROOT = iphoneos;
				SKIP_INSTALL = YES;
				TARGETED_DEVICE_FAMILY = "1,2";
				VERSIONING_SYSTEM = "apple-generic";
			};
			name = Release;
		};
		3974CFFC420643904C4B33D6 /* Debug */ = {
			isa = XCBuildConfiguration;
			buildSettings = {
				ALWAYS_EMBED_SWIFT_STANDARD_LIBRARIES = "$(inherited)";
				ASSETCATALOG_COMPILER_APPICON_NAME = AppIcon;
				CLANG_CXX_LANGUAGE_STANDARD = "gnu++17";
				CLANG_CXX_LIBRARY = "libc++";
				CODE_SIGN_ENTITLEMENTS = "";
				CODE_SIGN_IDENTITY = "iPhone Developer";
				CODE_SIGN_STYLE = Automatic;
				CURRENT_PROJECT_VERSION = 1;
				DEVELOPMENT_TEAM = 7YNMSV2722;
				ENABLE_BITCODE = NO;
				GCC_PREPROCESSOR_DEFINITIONS = (
					"$(inherited)",
					"WK_WEB_VIEW_ONLY=1",
				);
				INFOPLIST_FILE = MTUCI/SupportFiles/Info.plist;
				IPHONEOS_DEPLOYMENT_TARGET = 15.0;
				LD_RUNPATH_SEARCH_PATHS = (
					"$(inherited)",
					"@executable_path/Frameworks",
				);
				MARKETING_VERSION = 1.0;
				ONLY_ACTIVE_ARCH = YES;
				OTHER_LDFLAGS = "$(inherited)";
				PRODUCT_BUNDLE_IDENTIFIER = ru.qstove.mtuci;
				SDKROOT = iphoneos;
				SWIFT_PRECOMPILE_BRIDGING_HEADER = YES;
				TARGETED_DEVICE_FAMILY = 1;
			};
			name = Debug;
		};
		5C1D70ACA7E56D15BF737430 /* Release */ = {
			isa = XCBuildConfiguration;
			buildSettings = {
				CODE_SIGN_IDENTITY = "Apple Development";
				CURRENT_PROJECT_VERSION = 1;
				DEFINES_MODULE = YES;
				DEVELOPMENT_TEAM = "";
				DYLIB_COMPATIBILITY_VERSION = 1;
				DYLIB_CURRENT_VERSION = 1;
				DYLIB_INSTALL_NAME_BASE = "@rpath";
				GENERATE_INFOPLIST_FILE = YES;
				INSTALL_PATH = "$(LOCAL_LIBRARY_DIR)/Frameworks";
				IPHONEOS_DEPLOYMENT_TARGET = 14.0;
				LD_RUNPATH_SEARCH_PATHS = (
					"$(inherited)",
					"@executable_path/Frameworks",
				);
				MARKETING_VERSION = 1.0;
				PRODUCT_BUNDLE_IDENTIFIER = ru.qstove.mtuci.NetworkKit;
				SDKROOT = iphoneos;
				SKIP_INSTALL = YES;
				TARGETED_DEVICE_FAMILY = "1,2";
				VERSIONING_SYSTEM = "apple-generic";
			};
			name = Release;
		};
		5FFE0B87AB54033DAF6B6D26 /* Debug */ = {
			isa = XCBuildConfiguration;
			buildSettings = {
				ALWAYS_SEARCH_USER_PATHS = NO;
				CLANG_ANALYZER_NONNULL = YES;
				CLANG_ANALYZER_NUMBER_OBJECT_CONVERSION = YES_AGGRESSIVE;
				CLANG_CXX_LANGUAGE_STANDARD = "gnu++14";
				CLANG_CXX_LIBRARY = "libc++";
				CLANG_ENABLE_MODULES = YES;
				CLANG_ENABLE_OBJC_ARC = YES;
				CLANG_ENABLE_OBJC_WEAK = YES;
				CLANG_WARN_BLOCK_CAPTURE_AUTORELEASING = YES;
				CLANG_WARN_BOOL_CONVERSION = YES;
				CLANG_WARN_COMMA = YES;
				CLANG_WARN_CONSTANT_CONVERSION = YES;
				CLANG_WARN_DEPRECATED_OBJC_IMPLEMENTATIONS = YES;
				CLANG_WARN_DIRECT_OBJC_ISA_USAGE = YES_ERROR;
				CLANG_WARN_DOCUMENTATION_COMMENTS = YES;
				CLANG_WARN_EMPTY_BODY = YES;
				CLANG_WARN_ENUM_CONVERSION = YES;
				CLANG_WARN_INFINITE_RECURSION = YES;
				CLANG_WARN_INT_CONVERSION = YES;
				CLANG_WARN_NON_LITERAL_NULL_CONVERSION = YES;
				CLANG_WARN_OBJC_IMPLICIT_RETAIN_SELF = YES;
				CLANG_WARN_OBJC_LITERAL_CONVERSION = YES;
				CLANG_WARN_OBJC_ROOT_CLASS = YES_ERROR;
				CLANG_WARN_QUOTED_INCLUDE_IN_FRAMEWORK_HEADER = YES;
				CLANG_WARN_RANGE_LOOP_ANALYSIS = YES;
				CLANG_WARN_STRICT_PROTOTYPES = YES;
				CLANG_WARN_SUSPICIOUS_MOVE = YES;
				CLANG_WARN_UNGUARDED_AVAILABILITY = YES_AGGRESSIVE;
				CLANG_WARN_UNREACHABLE_CODE = YES;
				CLANG_WARN__DUPLICATE_METHOD_MATCH = YES;
				COPY_PHASE_STRIP = NO;
				DEBUG_INFORMATION_FORMAT = dwarf;
				ENABLE_STRICT_OBJC_MSGSEND = YES;
				ENABLE_TESTABILITY = YES;
				GCC_C_LANGUAGE_STANDARD = gnu11;
				GCC_DYNAMIC_NO_PIC = NO;
				GCC_NO_COMMON_BLOCKS = YES;
				GCC_OPTIMIZATION_LEVEL = 0;
				GCC_PREPROCESSOR_DEFINITIONS = (
					"$(inherited)",
					"DEBUG=1",
				);
				GCC_WARN_64_TO_32_BIT_CONVERSION = YES;
				GCC_WARN_ABOUT_RETURN_TYPE = YES_ERROR;
				GCC_WARN_UNDECLARED_SELECTOR = YES;
				GCC_WARN_UNINITIALIZED_AUTOS = YES_AGGRESSIVE;
				GCC_WARN_UNUSED_FUNCTION = YES;
				GCC_WARN_UNUSED_VARIABLE = YES;
				MTL_ENABLE_DEBUG_INFO = INCLUDE_SOURCE;
				MTL_FAST_MATH = YES;
				ONLY_ACTIVE_ARCH = YES;
				PRODUCT_NAME = "$(TARGET_NAME)";
				SDKROOT = iphoneos;
				SWIFT_ACTIVE_COMPILATION_CONDITIONS = DEBUG;
				SWIFT_COMPILATION_MODE = singlefile;
				SWIFT_OPTIMIZATION_LEVEL = "-Onone";
				SWIFT_VERSION = 5.4;
				VALIDATE_PRODUCT = NO;
			};
			name = Debug;
		};
		644BFE9E2A6C0E607582B576 /* Debug */ = {
			isa = XCBuildConfiguration;
			buildSettings = {
				CODE_SIGN_IDENTITY = "";
				CURRENT_PROJECT_VERSION = 1;
				DEFINES_MODULE = YES;
				DYLIB_COMPATIBILITY_VERSION = 1;
				DYLIB_CURRENT_VERSION = 1;
				DYLIB_INSTALL_NAME_BASE = "@rpath";
				GENERATE_INFOPLIST_FILE = YES;
				INSTALL_PATH = "$(LOCAL_LIBRARY_DIR)/Frameworks";
				IPHONEOS_DEPLOYMENT_TARGET = 14.0;
				LD_RUNPATH_SEARCH_PATHS = (
					"$(inherited)",
					"@executable_path/Frameworks",
				);
				MARKETING_VERSION = 1.0;
				PRODUCT_BUNDLE_IDENTIFIER = ru.qstove.mtuci.CoreKit;
				SDKROOT = iphoneos;
				SKIP_INSTALL = YES;
				TARGETED_DEVICE_FAMILY = "1,2";
				VERSIONING_SYSTEM = "apple-generic";
			};
			name = Debug;
		};
		73693AE817DEF1EBB19CEEC0 /* Debug */ = {
			isa = XCBuildConfiguration;
			buildSettings = {
				CODE_SIGN_IDENTITY = "Apple Development";
				CURRENT_PROJECT_VERSION = 1;
				DEFINES_MODULE = YES;
				DEVELOPMENT_TEAM = "";
				DYLIB_COMPATIBILITY_VERSION = 1;
				DYLIB_CURRENT_VERSION = 1;
				DYLIB_INSTALL_NAME_BASE = "@rpath";
				GENERATE_INFOPLIST_FILE = YES;
				INSTALL_PATH = "$(LOCAL_LIBRARY_DIR)/Frameworks";
				IPHONEOS_DEPLOYMENT_TARGET = 14.0;
				LD_RUNPATH_SEARCH_PATHS = (
					"$(inherited)",
					"@executable_path/Frameworks",
				);
				MARKETING_VERSION = 1.0;
				PRODUCT_BUNDLE_IDENTIFIER = ru.qstove.mtuci.NetworkKit;
				SDKROOT = iphoneos;
				SKIP_INSTALL = YES;
				TARGETED_DEVICE_FAMILY = "1,2";
				VERSIONING_SYSTEM = "apple-generic";
			};
			name = Debug;
		};
		A6C3AA4BBAE9DAA0AC556DB6 /* Release */ = {
			isa = XCBuildConfiguration;
			buildSettings = {
				ALWAYS_EMBED_SWIFT_STANDARD_LIBRARIES = "$(inherited)";
				ASSETCATALOG_COMPILER_APPICON_NAME = AppIcon;
				CLANG_CXX_LANGUAGE_STANDARD = "gnu++17";
				CLANG_CXX_LIBRARY = "libc++";
				CODE_SIGN_ENTITLEMENTS = "";
				CODE_SIGN_IDENTITY = "iPhone Developer";
				CODE_SIGN_STYLE = Automatic;
				CURRENT_PROJECT_VERSION = 1;
				DEVELOPMENT_TEAM = 7YNMSV2722;
				ENABLE_BITCODE = NO;
				GCC_PREPROCESSOR_DEFINITIONS = (
					"$(inherited)",
					"WK_WEB_VIEW_ONLY=1",
				);
				INFOPLIST_FILE = MTUCI/SupportFiles/Info.plist;
				IPHONEOS_DEPLOYMENT_TARGET = 15.0;
				LD_RUNPATH_SEARCH_PATHS = (
					"$(inherited)",
					"@executable_path/Frameworks",
				);
				MARKETING_VERSION = 1.0;
				ONLY_ACTIVE_ARCH = YES;
				OTHER_LDFLAGS = "$(inherited)";
				PRODUCT_BUNDLE_IDENTIFIER = ru.qstove.mtuci;
				SDKROOT = iphoneos;
				SWIFT_PRECOMPILE_BRIDGING_HEADER = YES;
				TARGETED_DEVICE_FAMILY = 1;
			};
			name = Release;
		};
		C5D80B23CC12D6992BFA63A5 /* Debug */ = {
			isa = XCBuildConfiguration;
			buildSettings = {
				CODE_SIGN_IDENTITY = "";
				CURRENT_PROJECT_VERSION = 1;
				DEFINES_MODULE = YES;
				DYLIB_COMPATIBILITY_VERSION = 1;
				DYLIB_CURRENT_VERSION = 1;
				DYLIB_INSTALL_NAME_BASE = "@rpath";
				GENERATE_INFOPLIST_FILE = YES;
				INSTALL_PATH = "$(LOCAL_LIBRARY_DIR)/Frameworks";
				IPHONEOS_DEPLOYMENT_TARGET = 14.0;
				LD_RUNPATH_SEARCH_PATHS = (
					"$(inherited)",
					"@executable_path/Frameworks",
				);
				MARKETING_VERSION = 1.0;
				PRODUCT_BUNDLE_IDENTIFIER = ru.qstove.mtuci.Navigation;
				SDKROOT = iphoneos;
				SKIP_INSTALL = YES;
				TARGETED_DEVICE_FAMILY = "1,2";
				VERSIONING_SYSTEM = "apple-generic";
			};
			name = Debug;
		};
		E8158C3D4D46ED6A7A220BBE /* Release */ = {
			isa = XCBuildConfiguration;
			buildSettings = {
				CODE_SIGN_IDENTITY = "";
				CURRENT_PROJECT_VERSION = 1;
				DEFINES_MODULE = YES;
				DYLIB_COMPATIBILITY_VERSION = 1;
				DYLIB_CURRENT_VERSION = 1;
				DYLIB_INSTALL_NAME_BASE = "@rpath";
				GENERATE_INFOPLIST_FILE = YES;
				INSTALL_PATH = "$(LOCAL_LIBRARY_DIR)/Frameworks";
				IPHONEOS_DEPLOYMENT_TARGET = 14.0;
				LD_RUNPATH_SEARCH_PATHS = (
					"$(inherited)",
					"@executable_path/Frameworks",
				);
				MARKETING_VERSION = 1.0;
				PRODUCT_BUNDLE_IDENTIFIER = ru.qstove.mtuci.CoreKit;
				SDKROOT = iphoneos;
				SKIP_INSTALL = YES;
				TARGETED_DEVICE_FAMILY = "1,2";
				VERSIONING_SYSTEM = "apple-generic";
			};
			name = Release;
		};
		E8E6F79CBC84745941968955 /* Release */ = {
			isa = XCBuildConfiguration;
			buildSettings = {
				ALWAYS_SEARCH_USER_PATHS = NO;
				CLANG_ANALYZER_NONNULL = YES;
				CLANG_ANALYZER_NUMBER_OBJECT_CONVERSION = YES_AGGRESSIVE;
				CLANG_CXX_LANGUAGE_STANDARD = "gnu++14";
				CLANG_CXX_LIBRARY = "libc++";
				CLANG_ENABLE_MODULES = YES;
				CLANG_ENABLE_OBJC_ARC = YES;
				CLANG_ENABLE_OBJC_WEAK = YES;
				CLANG_WARN_BLOCK_CAPTURE_AUTORELEASING = YES;
				CLANG_WARN_BOOL_CONVERSION = YES;
				CLANG_WARN_COMMA = YES;
				CLANG_WARN_CONSTANT_CONVERSION = YES;
				CLANG_WARN_DEPRECATED_OBJC_IMPLEMENTATIONS = YES;
				CLANG_WARN_DIRECT_OBJC_ISA_USAGE = YES_ERROR;
				CLANG_WARN_DOCUMENTATION_COMMENTS = YES;
				CLANG_WARN_EMPTY_BODY = YES;
				CLANG_WARN_ENUM_CONVERSION = YES;
				CLANG_WARN_INFINITE_RECURSION = YES;
				CLANG_WARN_INT_CONVERSION = YES;
				CLANG_WARN_NON_LITERAL_NULL_CONVERSION = YES;
				CLANG_WARN_OBJC_IMPLICIT_RETAIN_SELF = YES;
				CLANG_WARN_OBJC_LITERAL_CONVERSION = YES;
				CLANG_WARN_OBJC_ROOT_CLASS = YES_ERROR;
				CLANG_WARN_QUOTED_INCLUDE_IN_FRAMEWORK_HEADER = YES;
				CLANG_WARN_RANGE_LOOP_ANALYSIS = YES;
				CLANG_WARN_STRICT_PROTOTYPES = YES;
				CLANG_WARN_SUSPICIOUS_MOVE = YES;
				CLANG_WARN_UNGUARDED_AVAILABILITY = YES_AGGRESSIVE;
				CLANG_WARN_UNREACHABLE_CODE = YES;
				CLANG_WARN__DUPLICATE_METHOD_MATCH = YES;
				COPY_PHASE_STRIP = NO;
				DEBUG_INFORMATION_FORMAT = "dwarf-with-dsym";
				ENABLE_NS_ASSERTIONS = NO;
				ENABLE_STRICT_OBJC_MSGSEND = YES;
				ENABLE_TESTABILITY = NO;
				GCC_C_LANGUAGE_STANDARD = gnu11;
				GCC_NO_COMMON_BLOCKS = YES;
				GCC_WARN_64_TO_32_BIT_CONVERSION = YES;
				GCC_WARN_ABOUT_RETURN_TYPE = YES_ERROR;
				GCC_WARN_UNDECLARED_SELECTOR = YES;
				GCC_WARN_UNINITIALIZED_AUTOS = YES_AGGRESSIVE;
				GCC_WARN_UNUSED_FUNCTION = YES;
				GCC_WARN_UNUSED_VARIABLE = YES;
				MTL_ENABLE_DEBUG_INFO = NO;
				MTL_FAST_MATH = YES;
				PRODUCT_NAME = "$(TARGET_NAME)";
				SDKROOT = iphoneos;
				SWIFT_COMPILATION_MODE = wholemodule;
				SWIFT_OPTIMIZATION_LEVEL = "-O";
				SWIFT_VERSION = 5.4;
				VALIDATE_PRODUCT = YES;
			};
			name = Release;
		};
/* End XCBuildConfiguration section */

/* Begin XCConfigurationList section */
		5301880E746A8228A6C1085F /* Build configuration list for PBXProject "MTUCI" */ = {
			isa = XCConfigurationList;
			buildConfigurations = (
				5FFE0B87AB54033DAF6B6D26 /* Debug */,
				E8E6F79CBC84745941968955 /* Release */,
			);
			defaultConfigurationIsVisible = 0;
			defaultConfigurationName = Debug;
		};
		B8FA4CD21767A8AF2BD97548 /* Build configuration list for PBXNativeTarget "CoreKit" */ = {
			isa = XCConfigurationList;
			buildConfigurations = (
				644BFE9E2A6C0E607582B576 /* Debug */,
				E8158C3D4D46ED6A7A220BBE /* Release */,
			);
			defaultConfigurationIsVisible = 0;
			defaultConfigurationName = Debug;
		};
		E2334257AB4FD6C448F80ABC /* Build configuration list for PBXNativeTarget "MTUCI" */ = {
			isa = XCConfigurationList;
			buildConfigurations = (
				3974CFFC420643904C4B33D6 /* Debug */,
				A6C3AA4BBAE9DAA0AC556DB6 /* Release */,
			);
			defaultConfigurationIsVisible = 0;
			defaultConfigurationName = Debug;
		};
		E8FC047D18EE7E19F5A56B0A /* Build configuration list for PBXNativeTarget "NavigationKit" */ = {
			isa = XCConfigurationList;
			buildConfigurations = (
				C5D80B23CC12D6992BFA63A5 /* Debug */,
				312C8F28D47BE94C439BEC36 /* Release */,
			);
			defaultConfigurationIsVisible = 0;
			defaultConfigurationName = Debug;
		};
		FA4E2DA6D988ED9805EFE88D /* Build configuration list for PBXNativeTarget "NetworkKit" */ = {
			isa = XCConfigurationList;
			buildConfigurations = (
				73693AE817DEF1EBB19CEEC0 /* Debug */,
				5C1D70ACA7E56D15BF737430 /* Release */,
			);
			defaultConfigurationIsVisible = 0;
			defaultConfigurationName = Debug;
		};
/* End XCConfigurationList section */

/* Begin XCRemoteSwiftPackageReference section */
		30F0C7C3A1EE8BCB0CD4CF27 /* XCRemoteSwiftPackageReference "SnapKit" */ = {
			isa = XCRemoteSwiftPackageReference;
			repositoryURL = "https://github.com/SnapKit/SnapKit.git";
			requirement = {
				kind = upToNextMajorVersion;
				minimumVersion = 5.0.0;
			};
		};
		5D24D661D607BF0933646782 /* XCRemoteSwiftPackageReference "Moya" */ = {
			isa = XCRemoteSwiftPackageReference;
			repositoryURL = "https://github.com/Moya/Moya.git";
			requirement = {
				kind = upToNextMajorVersion;
				minimumVersion = 15.0.0;
			};
		};
/* End XCRemoteSwiftPackageReference section */

/* Begin XCSwiftPackageProductDependency section */
		959C1B831A2802E49386074E /* SnapKit */ = {
			isa = XCSwiftPackageProductDependency;
			package = 30F0C7C3A1EE8BCB0CD4CF27 /* XCRemoteSwiftPackageReference "SnapKit" */;
			productName = SnapKit;
		};
		BF8000BCACF380BE0B3AFD0B /* Moya */ = {
			isa = XCSwiftPackageProductDependency;
			package = 5D24D661D607BF0933646782 /* XCRemoteSwiftPackageReference "Moya" */;
			productName = Moya;
		};
/* End XCSwiftPackageProductDependency section */
	};
	rootObject = 630F972C1DA70C03556DD0BF /* Project object */;
}
